
Microsoft Visual Studio Solution File, Format Version 12.00
# Visual Studio Version 17
VisualStudioVersion = 17.4.33213.308
MinimumVisualStudioVersion = 10.0.40219.1
Project("{FAE04EC0-301F-11D3-BF4B-00C04F79EFBC}") = "LoadingWebsite", "LoadingWebsite.csproj", "{A025B304-1A13-42C4-A4DD-5C2C094A1965}"
EndProject
Global
	GlobalSection(SolutionConfigurationPlatforms) = preSolution
		Debug|Any CPU = Debug|Any CPU
		Release|Any CPU = Release|Any CPU
	EndGlobalSection
	GlobalSection(ProjectConfigurationPlatforms) = postSolution
		{A025B304-1A13-42C4-A4DD-5C2C094A1965}.Debug|Any CPU.ActiveCfg = Debug|Any CPU
		{A025B304-1A13-42C4-A4DD-5C2C094A1965}.Debug|Any CPU.Build.0 = Debug|Any CPU
		{A025B304-1A13-42C4-A4DD-5C2C094A1965}.Release|Any CPU.ActiveCfg = Release|Any CPU
		{A025B304-1A13-42C4-A4DD-5C2C094A1965}.Release|Any CPU.Build.0 = Release|Any CPU
	EndGlobalSection
	GlobalSection(SolutionProperties) = preSolution
		HideSolutionNode = FALSE
	EndGlobalSection
	GlobalSection(ExtensibilityGlobals) = postSolution
		SolutionGuid = {3C0C6DCB-CC27-40CC-9B5D-893BB1FF7C31}
	EndGlobalSection
EndGlobal
