
Microsoft Visual Studio Solution File, Format Version 12.00
# Visual Studio Version 17
VisualStudioVersion = 17.2.32616.157
MinimumVisualStudioVersion = 10.0.40219.1
Project("{FAE04EC0-301F-11D3-BF4B-00C04F79EFBC}") = "TabURL", "TabURL.csproj", "{DD4DA885-1E59-4829-B1B7-4A02E18D8858}"
EndProject
Global
	GlobalSection(SolutionConfigurationPlatforms) = preSolution
		Debug|Any CPU = Debug|Any CPU
		Release|Any CPU = Release|Any CPU
	EndGlobalSection
	GlobalSection(ProjectConfigurationPlatforms) = postSolution
		{DD4DA885-1E59-4829-B1B7-4A02E18D8858}.Debug|Any CPU.ActiveCfg = Debug|Any CPU
		{DD4DA885-1E59-4829-B1B7-4A02E18D8858}.Debug|Any CPU.Build.0 = Debug|Any CPU
		{DD4DA885-1E59-4829-B1B7-4A02E18D8858}.Release|Any CPU.ActiveCfg = Release|Any CPU
		{DD4DA885-1E59-4829-B1B7-4A02E18D8858}.Release|Any CPU.Build.0 = Release|Any CPU
	EndGlobalSection
	GlobalSection(SolutionProperties) = preSolution
		HideSolutionNode = FALSE
	EndGlobalSection
	GlobalSection(ExtensibilityGlobals) = postSolution
		SolutionGuid = {771B085F-B3DD-4AF7-9125-ADE21F6088B1}
	EndGlobalSection
EndGlobal
